// !$*UTF8*$!
{
	archiveVersion = 1;
	classes = {
	};
	objectVersion = 46;
	objects = {

/* Begin PBXBuildFile section */
		D1D853131B6924D700BFA824 /* main.m in Sources */ = {isa = PBXBuildFile; fileRef = D1D853121B6924D700BFA824 /* main.m */; };
		D1D853161B6924D700BFA824 /* AppDelegate.m in Sources */ = {isa = PBXBuildFile; fileRef = D1D853151B6924D700BFA824 /* AppDelegate.m */; };
		D1D853191B6924D700BFA824 /* Auxilio.xcdatamodeld in Sources */ = {isa = PBXBuildFile; fileRef = D1D853171B6924D700BFA824 /* Auxilio.xcdatamodeld */; };
		D1D8531C1B6924D700BFA824 /* Start.m in Sources */ = {isa = PBXBuildFile; fileRef = D1D8531B1B6924D700BFA824 /* Start.m */; };
		D1D8531F1B6924D700BFA824 /* Main.storyboard in Resources */ = {isa = PBXBuildFile; fileRef = D1D8531D1B6924D700BFA824 /* Main.storyboard */; };
		D1D853211B6924D700BFA824 /* Images.xcassets in Resources */ = {isa = PBXBuildFile; fileRef = D1D853201B6924D700BFA824 /* Images.xcassets */; };
		D1D853241B6924D700BFA824 /* LaunchScreen.xib in Resources */ = {isa = PBXBuildFile; fileRef = D1D853221B6924D700BFA824 /* LaunchScreen.xib */; };
		D1D853301B6924D700BFA824 /* AuxilioTests.m in Sources */ = {isa = PBXBuildFile; fileRef = D1D8532F1B6924D700BFA824 /* AuxilioTests.m */; };
		D1D8533E1B693EB400BFA824 /* video_children.mp4 in Resources */ = {isa = PBXBuildFile; fileRef = D1D8533D1B693EB400BFA824 /* video_children.mp4 */; };
/* End PBXBuildFile section */

/* Begin PBXContainerItemProxy section */
		D1D8532A1B6924D700BFA824 /* PBXContainerItemProxy */ = {
			isa = PBXContainerItemProxy;
			containerPortal = D1D853051B6924D700BFA824 /* Project object */;
			proxyType = 1;
			remoteGlobalIDString = D1D8530C1B6924D700BFA824;
			remoteInfo = Auxilio;
		};
/* End PBXContainerItemProxy section */

/* Begin PBXFileReference section */
		D1D8530D1B6924D700BFA824 /* Auxilio.app */ = {isa = PBXFileReference; explicitFileType = wrapper.application; includeInIndex = 0; path = Auxilio.app; sourceTree = BUILT_PRODUCTS_DIR; };
		D1D853111B6924D700BFA824 /* Info.plist */ = {isa = PBXFileReference; lastKnownFileType = text.plist.xml; path = Info.plist; sourceTree = "<group>"; };
		D1D853121B6924D700BFA824 /* main.m */ = {isa = PBXFileReference; lastKnownFileType = sourcecode.c.objc; path = main.m; sourceTree = "<group>"; };
		D1D853141B6924D700BFA824 /* AppDelegate.h */ = {isa = PBXFileReference; lastKnownFileType = sourcecode.c.h; path = AppDelegate.h; sourceTree = "<group>"; };
		D1D853151B6924D700BFA824 /* AppDelegate.m */ = {isa = PBXFileReference; lastKnownFileType = sourcecode.c.objc; path = AppDelegate.m; sourceTree = "<group>"; };
		D1D853181B6924D700BFA824 /* Auxilio.xcdatamodel */ = {isa = PBXFileReference; lastKnownFileType = wrapper.xcdatamodel; path = Auxilio.xcdatamodel; sourceTree = "<group>"; };
		D1D8531A1B6924D700BFA824 /* Start.h */ = {isa = PBXFileReference; lastKnownFileType = sourcecode.c.h; path = Start.h; sourceTree = "<group>"; };
		D1D8531B1B6924D700BFA824 /* Start.m */ = {isa = PBXFileReference; lastKnownFileType = sourcecode.c.objc; path = Start.m; sourceTree = "<group>"; };
		D1D8531E1B6924D700BFA824 /* Base */ = {isa = PBXFileReference; lastKnownFileType = file.storyboard; name = Base; path = Base.lproj/Main.storyboard; sourceTree = "<group>"; };
		D1D853201B6924D700BFA824 /* Images.xcassets */ = {isa = PBXFileReference; lastKnownFileType = folder.assetcatalog; path = Images.xcassets; sourceTree = "<group>"; };
		D1D853231B6924D700BFA824 /* Base */ = {isa = PBXFileReference; lastKnownFileType = file.xib; name = Base; path = Base.lproj/LaunchScreen.xib; sourceTree = "<group>"; };
		D1D853291B6924D700BFA824 /* AuxilioTests.xctest */ = {isa = PBXFileReference; explicitFileType = wrapper.cfbundle; includeInIndex = 0; path = AuxilioTests.xctest; sourceTree = BUILT_PRODUCTS_DIR; };
		D1D8532E1B6924D700BFA824 /* Info.plist */ = {isa = PBXFileReference; lastKnownFileType = text.plist.xml; path = Info.plist; sourceTree = "<group>"; };
		D1D8532F1B6924D700BFA824 /* AuxilioTests.m */ = {isa = PBXFileReference; lastKnownFileType = sourcecode.c.objc; path = AuxilioTests.m; sourceTree = "<group>"; };
		D1D8533D1B693EB400BFA824 /* video_children.mp4 */ = {isa = PBXFileReference; lastKnownFileType = file; name = video_children.mp4; path = videos/video_children.mp4; sourceTree = "<group>"; };
/* End PBXFileReference section */

/* Begin PBXFrameworksBuildPhase section */
		D1D8530A1B6924D700BFA824 /* Frameworks */ = {
			isa = PBXFrameworksBuildPhase;
			buildActionMask = 2147483647;
			files = (
			);
			runOnlyForDeploymentPostprocessing = 0;
		};
		D1D853261B6924D700BFA824 /* Frameworks */ = {
			isa = PBXFrameworksBuildPhase;
			buildActionMask = 2147483647;
			files = (
			);
			runOnlyForDeploymentPostprocessing = 0;
		};
/* End PBXFrameworksBuildPhase section */

/* Begin PBXGroup section */
		D1D853041B6924D700BFA824 = {
			isa = PBXGroup;
			children = (
				D1D8530F1B6924D700BFA824 /* Auxilio */,
				D1D8532C1B6924D700BFA824 /* AuxilioTests */,
				D1D8530E1B6924D700BFA824 /* Products */,
			);
			sourceTree = "<group>";
		};
		D1D8530E1B6924D700BFA824 /* Products */ = {
			isa = PBXGroup;
			children = (
				D1D8530D1B6924D700BFA824 /* Auxilio.app */,
				D1D853291B6924D700BFA824 /* AuxilioTests.xctest */,
			);
			name = Products;
			sourceTree = "<group>";
		};
		D1D8530F1B6924D700BFA824 /* Auxilio */ = {
			isa = PBXGroup;
			children = (
				D1D8533C1B69393C00BFA824 /* Classes */,
				D1D853391B69390D00BFA824 /* Main */,
				D1D8533A1B69391300BFA824 /* Controllers */,
				D1D8533B1B69391900BFA824 /* Models */,
				D1D8531D1B6924D700BFA824 /* Main.storyboard */,
				D1D853201B6924D700BFA824 /* Images.xcassets */,
				D1D853221B6924D700BFA824 /* LaunchScreen.xib */,
				D1D853171B6924D700BFA824 /* Auxilio.xcdatamodeld */,
				D1D853101B6924D700BFA824 /* Supporting Files */,
			);
			path = Auxilio;
			sourceTree = "<group>";
		};
		D1D853101B6924D700BFA824 /* Supporting Files */ = {
			isa = PBXGroup;
			children = (
				D1D8533F1B693EC400BFA824 /* videos */,
				D1D853111B6924D700BFA824 /* Info.plist */,
				D1D853121B6924D700BFA824 /* main.m */,
			);
			name = "Supporting Files";
			sourceTree = "<group>";
		};
		D1D8532C1B6924D700BFA824 /* AuxilioTests */ = {
			isa = PBXGroup;
			children = (
				D1D8532F1B6924D700BFA824 /* AuxilioTests.m */,
				D1D8532D1B6924D700BFA824 /* Supporting Files */,
			);
			path = AuxilioTests;
			sourceTree = "<group>";
		};
		D1D8532D1B6924D700BFA824 /* Supporting Files */ = {
			isa = PBXGroup;
			children = (
				D1D8532E1B6924D700BFA824 /* Info.plist */,
			);
			name = "Supporting Files";
			sourceTree = "<group>";
		};
		D1D853391B69390D00BFA824 /* Main */ = {
			isa = PBXGroup;
			children = (
				D1D853141B6924D700BFA824 /* AppDelegate.h */,
				D1D853151B6924D700BFA824 /* AppDelegate.m */,
			);
			name = Main;
			sourceTree = "<group>";
		};
		D1D8533A1B69391300BFA824 /* Controllers */ = {
			isa = PBXGroup;
			children = (
				D1D8531A1B6924D700BFA824 /* Start.h */,
				D1D8531B1B6924D700BFA824 /* Start.m */,
			);
			name = Controllers;
			sourceTree = "<group>";
		};
		D1D8533B1B69391900BFA824 /* Models */ = {
			isa = PBXGroup;
			children = (
			);
			name = Models;
			sourceTree = "<group>";
		};
		D1D8533C1B69393C00BFA824 /* Classes */ = {
			isa = PBXGroup;
			children = (
			);
			name = Classes;
			sourceTree = "<group>";
		};
		D1D8533F1B693EC400BFA824 /* videos */ = {
			isa = PBXGroup;
			children = (
				D1D8533D1B693EB400BFA824 /* video_children.mp4 */,
			);
			name = videos;
			sourceTree = "<group>";
		};
/* End PBXGroup section */

/* Begin PBXNativeTarget section */
		D1D8530C1B6924D700BFA824 /* Auxilio */ = {
			isa = PBXNativeTarget;
			buildConfigurationList = D1D853331B6924D700BFA824 /* Build configuration list for PBXNativeTarget "Auxilio" */;
			buildPhases = (
				D1D853091B6924D700BFA824 /* Sources */,
				D1D8530A1B6924D700BFA824 /* Frameworks */,
				D1D8530B1B6924D700BFA824 /* Resources */,
			);
			buildRules = (
			);
			dependencies = (
			);
			name = Auxilio;
			productName = Auxilio;
			productReference = D1D8530D1B6924D700BFA824 /* Auxilio.app */;
			productType = "com.apple.product-type.application";
		};
		D1D853281B6924D700BFA824 /* AuxilioTests */ = {
			isa = PBXNativeTarget;
			buildConfigurationList = D1D853361B6924D700BFA824 /* Build configuration list for PBXNativeTarget "AuxilioTests" */;
			buildPhases = (
				D1D853251B6924D700BFA824 /* Sources */,
				D1D853261B6924D700BFA824 /* Frameworks */,
				D1D853271B6924D700BFA824 /* Resources */,
			);
			buildRules = (
			);
			dependencies = (
				D1D8532B1B6924D700BFA824 /* PBXTargetDependency */,
			);
			name = AuxilioTests;
			productName = AuxilioTests;
			productReference = D1D853291B6924D700BFA824 /* AuxilioTests.xctest */;
			productType = "com.apple.product-type.bundle.unit-test";
		};
/* End PBXNativeTarget section */

/* Begin PBXProject section */
		D1D853051B6924D700BFA824 /* Project object */ = {
			isa = PBXProject;
			attributes = {
				LastUpgradeCheck = 0640;
				ORGANIZATIONNAME = Smartplace;
				TargetAttributes = {
					D1D8530C1B6924D700BFA824 = {
						CreatedOnToolsVersion = 6.4;
					};
					D1D853281B6924D700BFA824 = {
						CreatedOnToolsVersion = 6.4;
						TestTargetID = D1D8530C1B6924D700BFA824;
					};
				};
			};
			buildConfigurationList = D1D853081B6924D700BFA824 /* Build configuration list for PBXProject "Auxilio" */;
			compatibilityVersion = "Xcode 3.2";
			developmentRegion = English;
			hasScannedForEncodings = 0;
			knownRegions = (
				en,
				Base,
			);
			mainGroup = D1D853041B6924D700BFA824;
			productRefGroup = D1D8530E1B6924D700BFA824 /* Products */;
			projectDirPath = "";
			projectRoot = "";
			targets = (
				D1D8530C1B6924D700BFA824 /* Auxilio */,
				D1D853281B6924D700BFA824 /* AuxilioTests */,
			);
		};
/* End PBXProject section */

/* Begin PBXResourcesBuildPhase section */
		D1D8530B1B6924D700BFA824 /* Resources */ = {
			isa = PBXResourcesBuildPhase;
			buildActionMask = 2147483647;
			files = (
				D1D8533E1B693EB400BFA824 /* video_children.mp4 in Resources */,
				D1D8531F1B6924D700BFA824 /* Main.storyboard in Resources */,
				D1D853241B6924D700BFA824 /* LaunchScreen.xib in Resources */,
				D1D853211B6924D700BFA824 /* Images.xcassets in Resources */,
			);
			runOnlyForDeploymentPostprocessing = 0;
		};
		D1D853271B6924D700BFA824 /* Resources */ = {
			isa = PBXResourcesBuildPhase;
			buildActionMask = 2147483647;
			files = (
			);
			runOnlyForDeploymentPostprocessing = 0;
		};
/* End PBXResourcesBuildPhase section */

/* Begin PBXSourcesBuildPhase section */
		D1D853091B6924D700BFA824 /* Sources */ = {
			isa = PBXSourcesBuildPhase;
			buildActionMask = 2147483647;
			files = (
				D1D853191B6924D700BFA824 /* Auxilio.xcdatamodeld in Sources */,
				D1D853161B6924D700BFA824 /* AppDelegate.m in Sources */,
				D1D8531C1B6924D700BFA824 /* Start.m in Sources */,
				D1D853131B6924D700BFA824 /* main.m in Sources */,
			);
			runOnlyForDeploymentPostprocessing = 0;
		};
		D1D853251B6924D700BFA824 /* Sources */ = {
			isa = PBXSourcesBuildPhase;
			buildActionMask = 2147483647;
			files = (
				D1D853301B6924D700BFA824 /* AuxilioTests.m in Sources */,
			);
			runOnlyForDeploymentPostprocessing = 0;
		};
/* End PBXSourcesBuildPhase section */

/* Begin PBXTargetDependency section */
		D1D8532B1B6924D700BFA824 /* PBXTargetDependency */ = {
			isa = PBXTargetDependency;
			target = D1D8530C1B6924D700BFA824 /* Auxilio */;
			targetProxy = D1D8532A1B6924D700BFA824 /* PBXContainerItemProxy */;
		};
/* End PBXTargetDependency section */

/* Begin PBXVariantGroup section */
		D1D8531D1B6924D700BFA824 /* Main.storyboard */ = {
			isa = PBXVariantGroup;
			children = (
				D1D8531E1B6924D700BFA824 /* Base */,
			);
			name = Main.storyboard;
			sourceTree = "<group>";
		};
		D1D853221B6924D700BFA824 /* LaunchScreen.xib */ = {
			isa = PBXVariantGroup;
			children = (
				D1D853231B6924D700BFA824 /* Base */,
			);
			name = LaunchScreen.xib;
			sourceTree = "<group>";
		};
/* End PBXVariantGroup section */

/* Begin XCBuildConfiguration section */
		D1D853311B6924D700BFA824 /* Debug */ = {
			isa = XCBuildConfiguration;
			buildSettings = {
				ALWAYS_SEARCH_USER_PATHS = NO;
				CLANG_CXX_LANGUAGE_STANDARD = "gnu++0x";
				CLANG_CXX_LIBRARY = "libc++";
				CLANG_ENABLE_MODULES = YES;
				CLANG_ENABLE_OBJC_ARC = YES;
				CLANG_WARN_BOOL_CONVERSION = YES;
				CLANG_WARN_CONSTANT_CONVERSION = YES;
				CLANG_WARN_DIRECT_OBJC_ISA_USAGE = YES_ERROR;
				CLANG_WARN_EMPTY_BODY = YES;
				CLANG_WARN_ENUM_CONVERSION = YES;
				CLANG_WARN_INT_CONVERSION = YES;
				CLANG_WARN_OBJC_ROOT_CLASS = YES_ERROR;
				CLANG_WARN_UNREACHABLE_CODE = YES;
				CLANG_WARN__DUPLICATE_METHOD_MATCH = YES;
				"CODE_SIGN_IDENTITY[sdk=iphoneos*]" = "iPhone Developer";
				COPY_PHASE_STRIP = NO;
				DEBUG_INFORMATION_FORMAT = "dwarf-with-dsym";
				ENABLE_STRICT_OBJC_MSGSEND = YES;
				GCC_C_LANGUAGE_STANDARD = gnu99;
				GCC_DYNAMIC_NO_PIC = NO;
				GCC_NO_COMMON_BLOCKS = YES;
				GCC_OPTIMIZATION_LEVEL = 0;
				GCC_PREPROCESSOR_DEFINITIONS = (
					"DEBUG=1",
					"$(inherited)",
				);
				GCC_SYMBOLS_PRIVATE_EXTERN = NO;
				GCC_WARN_64_TO_32_BIT_CONVERSION = YES;
				GCC_WARN_ABOUT_RETURN_TYPE = YES_ERROR;
				GCC_WARN_UNDECLARED_SELECTOR = YES;
				GCC_WARN_UNINITIALIZED_AUTOS = YES_AGGRESSIVE;
				GCC_WARN_UNUSED_FUNCTION = YES;
				GCC_WARN_UNUSED_VARIABLE = YES;
				IPHONEOS_DEPLOYMENT_TARGET = 8.4;
				MTL_ENABLE_DEBUG_INFO = YES;
				ONLY_ACTIVE_ARCH = YES;
				SDKROOT = iphoneos;
			};
			name = Debug;
		};
		D1D853321B6924D700BFA824 /* Release */ = {
			isa = XCBuildConfiguration;
			buildSettings = {
				ALWAYS_SEARCH_USER_PATHS = NO;
				CLANG_CXX_LANGUAGE_STANDARD = "gnu++0x";
				CLANG_CXX_LIBRARY = "libc++";
				CLANG_ENABLE_MODULES = YES;
				CLANG_ENABLE_OBJC_ARC = YES;
				CLANG_WARN_BOOL_CONVERSION = YES;
				CLANG_WARN_CONSTANT_CONVERSION = YES;
				CLANG_WARN_DIRECT_OBJC_ISA_USAGE = YES_ERROR;
				CLANG_WARN_EMPTY_BODY = YES;
				CLANG_WARN_ENUM_CONVERSION = YES;
				CLANG_WARN_INT_CONVERSION = YES;
				CLANG_WARN_OBJC_ROOT_CLASS = YES_ERROR;
				CLANG_WARN_UNREACHABLE_CODE = YES;
				CLANG_WARN__DUPLICATE_METHOD_MATCH = YES;
				"CODE_SIGN_IDENTITY[sdk=iphoneos*]" = "iPhone Developer";
				COPY_PHASE_STRIP = NO;
				DEBUG_INFORMATION_FORMAT = "dwarf-with-dsym";
				ENABLE_NS_ASSERTIONS = NO;
				ENABLE_STRICT_OBJC_MSGSEND = YES;
				GCC_C_LANGUAGE_STANDARD = gnu99;
				GCC_NO_COMMON_BLOCKS = YES;
				GCC_WARN_64_TO_32_BIT_CONVERSION = YES;
				GCC_WARN_ABOUT_RETURN_TYPE = YES_ERROR;
				GCC_WARN_UNDECLARED_SELECTOR = YES;
				GCC_WARN_UNINITIALIZED_AUTOS = YES_AGGRESSIVE;
				GCC_WARN_UNUSED_FUNCTION = YES;
				GCC_WARN_UNUSED_VARIABLE = YES;
				IPHONEOS_DEPLOYMENT_TARGET = 8.4;
				MTL_ENABLE_DEBUG_INFO = NO;
				SDKROOT = iphoneos;
				VALIDATE_PRODUCT = YES;
			};
			name = Release;
		};
		D1D853341B6924D700BFA824 /* Debug */ = {
			isa = XCBuildConfiguration;
			buildSettings = {
				ASSETCATALOG_COMPILER_APPICON_NAME = AppIcon;
				INFOPLIST_FILE = Auxilio/Info.plist;
				IPHONEOS_DEPLOYMENT_TARGET = 8.0;
				LD_RUNPATH_SEARCH_PATHS = "$(inherited) @executable_path/Frameworks";
				PRODUCT_NAME = "$(TARGET_NAME)";
			};
			name = Debug;
		};
		D1D853351B6924D700BFA824 /* Release */ = {
			isa = XCBuildConfiguration;
			buildSettings = {
				ASSETCATALOG_COMPILER_APPICON_NAME = AppIcon;
				INFOPLIST_FILE = Auxilio/Info.plist;
				IPHONEOS_DEPLOYMENT_TARGET = 8.0;
				LD_RUNPATH_SEARCH_PATHS = "$(inherited) @executable_path/Frameworks";
				PRODUCT_NAME = "$(TARGET_NAME)";
			};
			name = Release;
		};
		D1D853371B6924D700BFA824 /* Debug */ = {
			isa = XCBuildConfiguration;
			buildSettings = {
				BUNDLE_LOADER = "$(TEST_HOST)";
				FRAMEWORK_SEARCH_PATHS = (
					"$(SDKROOT)/Developer/Library/Frameworks",
					"$(inherited)",
				);
				GCC_PREPROCESSOR_DEFINITIONS = (
					"DEBUG=1",
					"$(inherited)",
				);
				INFOPLIST_FILE = AuxilioTests/Info.plist;
				LD_RUNPATH_SEARCH_PATHS = "$(inherited) @executable_path/Frameworks @loader_path/Frameworks";
				PRODUCT_NAME = "$(TARGET_NAME)";
				TEST_HOST = "$(BUILT_PRODUCTS_DIR)/Auxilio.app/Auxilio";
			};
			name = Debug;
		};
		D1D853381B6924D700BFA824 /* Release */ = {
			isa = XCBuildConfiguration;
			buildSettings = {
				BUNDLE_LOADER = "$(TEST_HOST)";
				FRAMEWORK_SEARCH_PATHS = (
					"$(SDKROOT)/Developer/Library/Frameworks",
					"$(inherited)",
				);
				INFOPLIST_FILE = AuxilioTests/Info.plist;
				LD_RUNPATH_SEARCH_PATHS = "$(inherited) @executable_path/Frameworks @loader_path/Frameworks";
				PRODUCT_NAME = "$(TARGET_NAME)";
				TEST_HOST = "$(BUILT_PRODUCTS_DIR)/Auxilio.app/Auxilio";
			};
			name = Release;
		};
/* End XCBuildConfiguration section */

/* Begin XCConfigurationList section */
		D1D853081B6924D700BFA824 /* Build configuration list for PBXProject "Auxilio" */ = {
			isa = XCConfigurationList;
			buildConfigurations = (
				D1D853311B6924D700BFA824 /* Debug */,
				D1D853321B6924D700BFA824 /* Release */,
			);
			defaultConfigurationIsVisible = 0;
			defaultConfigurationName = Release;
		};
		D1D853331B6924D700BFA824 /* Build configuration list for PBXNativeTarget "Auxilio" */ = {
			isa = XCConfigurationList;
			buildConfigurations = (
				D1D853341B6924D700BFA824 /* Debug */,
				D1D853351B6924D700BFA824 /* Release */,
			);
			defaultConfigurationIsVisible = 0;
		};
		D1D853361B6924D700BFA824 /* Build configuration list for PBXNativeTarget "AuxilioTests" */ = {
			isa = XCConfigurationList;
			buildConfigurations = (
				D1D853371B6924D700BFA824 /* Debug */,
				D1D853381B6924D700BFA824 /* Release */,
			);
			defaultConfigurationIsVisible = 0;
		};
/* End XCConfigurationList section */

/* Begin XCVersionGroup section */
		D1D853171B6924D700BFA824 /* Auxilio.xcdatamodeld */ = {
			isa = XCVersionGroup;
			children = (
				D1D853181B6924D700BFA824 /* Auxilio.xcdatamodel */,
			);
			currentVersion = D1D853181B6924D700BFA824 /* Auxilio.xcdatamodel */;
			path = Auxilio.xcdatamodeld;
			sourceTree = "<group>";
			versionGroupType = wrapper.xcdatamodel;
		};
/* End XCVersionGroup section */
	};
	rootObject = D1D853051B6924D700BFA824 /* Project object */;
}
