// !$*UTF8*$!
{
	archiveVersion = 1;
	classes = {
	};
	objectVersion = 46;
	objects = {

/* Begin PBXBuildFile section */
		2BBC4D060367BBA460FD1B93 /* libPods.a in Frameworks */ = {isa = PBXBuildFile; fileRef = 1F359EB86831146B83657201 /* libPods.a */; };
		D11F1DA81B697F0E008D3833 /* Declarations.m in Sources */ = {isa = PBXBuildFile; fileRef = D11F1DA71B697F0E008D3833 /* Declarations.m */; };
		D11F1DCD1B6981E5008D3833 /* NSDate+RFC1123.html in Resources */ = {isa = PBXBuildFile; fileRef = D11F1DAC1B6981E5008D3833 /* NSDate+RFC1123.html */; };
		D11F1DCE1B6981E5008D3833 /* NSString+GTMNSStringHTMLAdditions.html in Resources */ = {isa = PBXBuildFile; fileRef = D11F1DAD1B6981E5008D3833 /* NSString+GTMNSStringHTMLAdditions.html */; };
		D11F1DCF1B6981E5008D3833 /* PushNotificationManager.html in Resources */ = {isa = PBXBuildFile; fileRef = D11F1DAF1B6981E5008D3833 /* PushNotificationManager.html */; };
		D11F1DD01B6981E5008D3833 /* PWNetworkEngine.html in Resources */ = {isa = PBXBuildFile; fileRef = D11F1DB01B6981E5008D3833 /* PWNetworkEngine.html */; };
		D11F1DD11B6981E5008D3833 /* PWNetworkOperation.html in Resources */ = {isa = PBXBuildFile; fileRef = D11F1DB11B6981E5008D3833 /* PWNetworkOperation.html */; };
		D11F1DD21B6981E5008D3833 /* PWNotificationAppSettings.html in Resources */ = {isa = PBXBuildFile; fileRef = D11F1DB21B6981E5008D3833 /* PWNotificationAppSettings.html */; };
		D11F1DD31B6981E5008D3833 /* PWNotificationCenter.html in Resources */ = {isa = PBXBuildFile; fileRef = D11F1DB31B6981E5008D3833 /* PWNotificationCenter.html */; };
		D11F1DD41B6981E5008D3833 /* PWReachability.html in Resources */ = {isa = PBXBuildFile; fileRef = D11F1DB41B6981E5008D3833 /* PWReachability.html */; };
		D11F1DD51B6981E5008D3833 /* PWTags.html in Resources */ = {isa = PBXBuildFile; fileRef = D11F1DB51B6981E5008D3833 /* PWTags.html */; };
		D11F1DD61B6981E5008D3833 /* PWBeaconAction.html in Resources */ = {isa = PBXBuildFile; fileRef = D11F1DB71B6981E5008D3833 /* PWBeaconAction.html */; };
		D11F1DD71B6981E5008D3833 /* PWNotificationAlertStyle.html in Resources */ = {isa = PBXBuildFile; fileRef = D11F1DB81B6981E5008D3833 /* PWNotificationAlertStyle.html */; };
		D11F1DD81B6981E5008D3833 /* PWNotificationBannerStyle.html in Resources */ = {isa = PBXBuildFile; fileRef = D11F1DB91B6981E5008D3833 /* PWNotificationBannerStyle.html */; };
		D11F1DD91B6981E5008D3833 /* PWSupportedOrientations.html in Resources */ = {isa = PBXBuildFile; fileRef = D11F1DBA1B6981E5008D3833 /* PWSupportedOrientations.html */; };
		D11F1DDA1B6981E5008D3833 /* styles.css in Resources */ = {isa = PBXBuildFile; fileRef = D11F1DBC1B6981E5008D3833 /* styles.css */; };
		D11F1DDB1B6981E5008D3833 /* stylesPrint.css in Resources */ = {isa = PBXBuildFile; fileRef = D11F1DBD1B6981E5008D3833 /* stylesPrint.css */; };
		D11F1DDC1B6981E5008D3833 /* hierarchy.html in Resources */ = {isa = PBXBuildFile; fileRef = D11F1DBE1B6981E5008D3833 /* hierarchy.html */; };
		D11F1DDD1B6981E5008D3833 /* button_bar_background.png in Resources */ = {isa = PBXBuildFile; fileRef = D11F1DC01B6981E5008D3833 /* button_bar_background.png */; };
		D11F1DDE1B6981E5008D3833 /* disclosure.png in Resources */ = {isa = PBXBuildFile; fileRef = D11F1DC11B6981E5008D3833 /* disclosure.png */; };
		D11F1DDF1B6981E5008D3833 /* disclosure_open.png in Resources */ = {isa = PBXBuildFile; fileRef = D11F1DC21B6981E5008D3833 /* disclosure_open.png */; };
		D11F1DE01B6981E5008D3833 /* library_background.png in Resources */ = {isa = PBXBuildFile; fileRef = D11F1DC31B6981E5008D3833 /* library_background.png */; };
		D11F1DE11B6981E5008D3833 /* title_background.png in Resources */ = {isa = PBXBuildFile; fileRef = D11F1DC41B6981E5008D3833 /* title_background.png */; };
		D11F1DE21B6981E5008D3833 /* index.html in Resources */ = {isa = PBXBuildFile; fileRef = D11F1DC51B6981E5008D3833 /* index.html */; };
		D11F1DE31B6981E5008D3833 /* PushNotificationDelegate.html in Resources */ = {isa = PBXBuildFile; fileRef = D11F1DC71B6981E5008D3833 /* PushNotificationDelegate.html */; };
		D11F1DE41B6981E5008D3833 /* Pushwoosh.framework in Frameworks */ = {isa = PBXBuildFile; fileRef = D11F1DC91B6981E5008D3833 /* Pushwoosh.framework */; };
		D11F1DE51B6981E5008D3833 /* LICENSE in Resources */ = {isa = PBXBuildFile; fileRef = D11F1DCA1B6981E5008D3833 /* LICENSE */; };
		D11F1E021B699437008D3833 /* NSObject+SBJson.m in Sources */ = {isa = PBXBuildFile; fileRef = D11F1DEA1B699437008D3833 /* NSObject+SBJson.m */; };
		D11F1E031B699437008D3833 /* SBJsonParser.m in Sources */ = {isa = PBXBuildFile; fileRef = D11F1DED1B699437008D3833 /* SBJsonParser.m */; };
		D11F1E041B699437008D3833 /* SBJsonStreamParser.m in Sources */ = {isa = PBXBuildFile; fileRef = D11F1DEF1B699437008D3833 /* SBJsonStreamParser.m */; };
		D11F1E051B699437008D3833 /* SBJsonStreamParserAccumulator.m in Sources */ = {isa = PBXBuildFile; fileRef = D11F1DF11B699437008D3833 /* SBJsonStreamParserAccumulator.m */; };
		D11F1E061B699437008D3833 /* SBJsonStreamParserAdapter.m in Sources */ = {isa = PBXBuildFile; fileRef = D11F1DF31B699437008D3833 /* SBJsonStreamParserAdapter.m */; };
		D11F1E071B699437008D3833 /* SBJsonStreamParserState.m in Sources */ = {isa = PBXBuildFile; fileRef = D11F1DF51B699437008D3833 /* SBJsonStreamParserState.m */; };
		D11F1E081B699437008D3833 /* SBJsonStreamWriter.m in Sources */ = {isa = PBXBuildFile; fileRef = D11F1DF71B699437008D3833 /* SBJsonStreamWriter.m */; };
		D11F1E091B699437008D3833 /* SBJsonStreamWriterAccumulator.m in Sources */ = {isa = PBXBuildFile; fileRef = D11F1DF91B699437008D3833 /* SBJsonStreamWriterAccumulator.m */; };
		D11F1E0A1B699437008D3833 /* SBJsonStreamWriterState.m in Sources */ = {isa = PBXBuildFile; fileRef = D11F1DFB1B699437008D3833 /* SBJsonStreamWriterState.m */; };
		D11F1E0B1B699437008D3833 /* SBJsonTokeniser.m in Sources */ = {isa = PBXBuildFile; fileRef = D11F1DFD1B699437008D3833 /* SBJsonTokeniser.m */; };
		D11F1E0C1B699437008D3833 /* SBJsonUTF8Stream.m in Sources */ = {isa = PBXBuildFile; fileRef = D11F1DFF1B699437008D3833 /* SBJsonUTF8Stream.m */; };
		D11F1E0D1B699437008D3833 /* SBJsonWriter.m in Sources */ = {isa = PBXBuildFile; fileRef = D11F1E011B699437008D3833 /* SBJsonWriter.m */; };
		D1D324B71B6A908F004E026D /* Simulation.m in Sources */ = {isa = PBXBuildFile; fileRef = D1D324B61B6A908F004E026D /* Simulation.m */; };
		D1D853131B6924D700BFA824 /* main.m in Sources */ = {isa = PBXBuildFile; fileRef = D1D853121B6924D700BFA824 /* main.m */; };
		D1D853161B6924D700BFA824 /* AppDelegate.m in Sources */ = {isa = PBXBuildFile; fileRef = D1D853151B6924D700BFA824 /* AppDelegate.m */; };
		D1D853191B6924D700BFA824 /* Auxilio.xcdatamodeld in Sources */ = {isa = PBXBuildFile; fileRef = D1D853171B6924D700BFA824 /* Auxilio.xcdatamodeld */; };
		D1D8531C1B6924D700BFA824 /* Start.m in Sources */ = {isa = PBXBuildFile; fileRef = D1D8531B1B6924D700BFA824 /* Start.m */; };
		D1D8531F1B6924D700BFA824 /* Main.storyboard in Resources */ = {isa = PBXBuildFile; fileRef = D1D8531D1B6924D700BFA824 /* Main.storyboard */; };
		D1D853211B6924D700BFA824 /* Images.xcassets in Resources */ = {isa = PBXBuildFile; fileRef = D1D853201B6924D700BFA824 /* Images.xcassets */; };
		D1D853241B6924D700BFA824 /* LaunchScreen.xib in Resources */ = {isa = PBXBuildFile; fileRef = D1D853221B6924D700BFA824 /* LaunchScreen.xib */; };
		D1D853301B6924D700BFA824 /* AuxilioTests.m in Sources */ = {isa = PBXBuildFile; fileRef = D1D8532F1B6924D700BFA824 /* AuxilioTests.m */; };
		D1D8533E1B693EB400BFA824 /* video_children.mp4 in Resources */ = {isa = PBXBuildFile; fileRef = D1D8533D1B693EB400BFA824 /* video_children.mp4 */; };
		D1D853421B694D8E00BFA824 /* Map.m in Sources */ = {isa = PBXBuildFile; fileRef = D1D853411B694D8E00BFA824 /* Map.m */; };
		D1D853451B6950EB00BFA824 /* ic_back.png in Resources */ = {isa = PBXBuildFile; fileRef = D1D853441B6950EB00BFA824 /* ic_back.png */; };
		D1D853471B69540A00BFA824 /* Podfile in Resources */ = {isa = PBXBuildFile; fileRef = D1D853461B69540A00BFA824 /* Podfile */; };
/* End PBXBuildFile section */

/* Begin PBXContainerItemProxy section */
		D1D8532A1B6924D700BFA824 /* PBXContainerItemProxy */ = {
			isa = PBXContainerItemProxy;
			containerPortal = D1D853051B6924D700BFA824 /* Project object */;
			proxyType = 1;
			remoteGlobalIDString = D1D8530C1B6924D700BFA824;
			remoteInfo = Auxilio;
		};
/* End PBXContainerItemProxy section */

/* Begin PBXFileReference section */
		1F359EB86831146B83657201 /* libPods.a */ = {isa = PBXFileReference; explicitFileType = archive.ar; includeInIndex = 0; path = libPods.a; sourceTree = BUILT_PRODUCTS_DIR; };
		29093B570FA26113C04D9638 /* Pods.release.xcconfig */ = {isa = PBXFileReference; includeInIndex = 1; lastKnownFileType = text.xcconfig; name = Pods.release.xcconfig; path = "Auxilio/Pods/Target Support Files/Pods/Pods.release.xcconfig"; sourceTree = "<group>"; };
		D11F1DA61B697F0E008D3833 /* Declarations.h */ = {isa = PBXFileReference; fileEncoding = 4; lastKnownFileType = sourcecode.c.h; path = Declarations.h; sourceTree = "<group>"; };
		D11F1DA71B697F0E008D3833 /* Declarations.m */ = {isa = PBXFileReference; fileEncoding = 4; lastKnownFileType = sourcecode.c.objc; path = Declarations.m; sourceTree = "<group>"; };
		D11F1DAC1B6981E5008D3833 /* NSDate+RFC1123.html */ = {isa = PBXFileReference; fileEncoding = 4; lastKnownFileType = text.html.documentation; path = "NSDate+RFC1123.html"; sourceTree = "<group>"; };
		D11F1DAD1B6981E5008D3833 /* NSString+GTMNSStringHTMLAdditions.html */ = {isa = PBXFileReference; fileEncoding = 4; lastKnownFileType = text.html.documentation; path = "NSString+GTMNSStringHTMLAdditions.html"; sourceTree = "<group>"; };
		D11F1DAF1B6981E5008D3833 /* PushNotificationManager.html */ = {isa = PBXFileReference; fileEncoding = 4; lastKnownFileType = text.html.documentation; path = PushNotificationManager.html; sourceTree = "<group>"; };
		D11F1DB01B6981E5008D3833 /* PWNetworkEngine.html */ = {isa = PBXFileReference; fileEncoding = 4; lastKnownFileType = text.html.documentation; path = PWNetworkEngine.html; sourceTree = "<group>"; };
		D11F1DB11B6981E5008D3833 /* PWNetworkOperation.html */ = {isa = PBXFileReference; fileEncoding = 4; lastKnownFileType = text.html.documentation; path = PWNetworkOperation.html; sourceTree = "<group>"; };
		D11F1DB21B6981E5008D3833 /* PWNotificationAppSettings.html */ = {isa = PBXFileReference; fileEncoding = 4; lastKnownFileType = text.html.documentation; path = PWNotificationAppSettings.html; sourceTree = "<group>"; };
		D11F1DB31B6981E5008D3833 /* PWNotificationCenter.html */ = {isa = PBXFileReference; fileEncoding = 4; lastKnownFileType = text.html.documentation; path = PWNotificationCenter.html; sourceTree = "<group>"; };
		D11F1DB41B6981E5008D3833 /* PWReachability.html */ = {isa = PBXFileReference; fileEncoding = 4; lastKnownFileType = text.html.documentation; path = PWReachability.html; sourceTree = "<group>"; };
		D11F1DB51B6981E5008D3833 /* PWTags.html */ = {isa = PBXFileReference; fileEncoding = 4; lastKnownFileType = text.html.documentation; path = PWTags.html; sourceTree = "<group>"; };
		D11F1DB71B6981E5008D3833 /* PWBeaconAction.html */ = {isa = PBXFileReference; fileEncoding = 4; lastKnownFileType = text.html.documentation; path = PWBeaconAction.html; sourceTree = "<group>"; };
		D11F1DB81B6981E5008D3833 /* PWNotificationAlertStyle.html */ = {isa = PBXFileReference; fileEncoding = 4; lastKnownFileType = text.html.documentation; path = PWNotificationAlertStyle.html; sourceTree = "<group>"; };
		D11F1DB91B6981E5008D3833 /* PWNotificationBannerStyle.html */ = {isa = PBXFileReference; fileEncoding = 4; lastKnownFileType = text.html.documentation; path = PWNotificationBannerStyle.html; sourceTree = "<group>"; };
		D11F1DBA1B6981E5008D3833 /* PWSupportedOrientations.html */ = {isa = PBXFileReference; fileEncoding = 4; lastKnownFileType = text.html.documentation; path = PWSupportedOrientations.html; sourceTree = "<group>"; };
		D11F1DBC1B6981E5008D3833 /* styles.css */ = {isa = PBXFileReference; fileEncoding = 4; lastKnownFileType = text.css; path = styles.css; sourceTree = "<group>"; };
		D11F1DBD1B6981E5008D3833 /* stylesPrint.css */ = {isa = PBXFileReference; fileEncoding = 4; lastKnownFileType = text.css; path = stylesPrint.css; sourceTree = "<group>"; };
		D11F1DBE1B6981E5008D3833 /* hierarchy.html */ = {isa = PBXFileReference; fileEncoding = 4; lastKnownFileType = text.html.documentation; path = hierarchy.html; sourceTree = "<group>"; };
		D11F1DC01B6981E5008D3833 /* button_bar_background.png */ = {isa = PBXFileReference; lastKnownFileType = image.png; path = button_bar_background.png; sourceTree = "<group>"; };
		D11F1DC11B6981E5008D3833 /* disclosure.png */ = {isa = PBXFileReference; lastKnownFileType = image.png; path = disclosure.png; sourceTree = "<group>"; };
		D11F1DC21B6981E5008D3833 /* disclosure_open.png */ = {isa = PBXFileReference; lastKnownFileType = image.png; path = disclosure_open.png; sourceTree = "<group>"; };
		D11F1DC31B6981E5008D3833 /* library_background.png */ = {isa = PBXFileReference; lastKnownFileType = image.png; path = library_background.png; sourceTree = "<group>"; };
		D11F1DC41B6981E5008D3833 /* title_background.png */ = {isa = PBXFileReference; lastKnownFileType = image.png; path = title_background.png; sourceTree = "<group>"; };
		D11F1DC51B6981E5008D3833 /* index.html */ = {isa = PBXFileReference; fileEncoding = 4; lastKnownFileType = text.html.documentation; path = index.html; sourceTree = "<group>"; };
		D11F1DC71B6981E5008D3833 /* PushNotificationDelegate.html */ = {isa = PBXFileReference; fileEncoding = 4; lastKnownFileType = text.html.documentation; path = PushNotificationDelegate.html; sourceTree = "<group>"; };
		D11F1DC91B6981E5008D3833 /* Pushwoosh.framework */ = {isa = PBXFileReference; lastKnownFileType = wrapper.framework; path = Pushwoosh.framework; sourceTree = "<group>"; };
		D11F1DCA1B6981E5008D3833 /* LICENSE */ = {isa = PBXFileReference; fileEncoding = 4; lastKnownFileType = text; path = LICENSE; sourceTree = "<group>"; };
		D11F1DE91B699437008D3833 /* NSObject+SBJson.h */ = {isa = PBXFileReference; fileEncoding = 4; lastKnownFileType = sourcecode.c.h; path = "NSObject+SBJson.h"; sourceTree = "<group>"; };
		D11F1DEA1B699437008D3833 /* NSObject+SBJson.m */ = {isa = PBXFileReference; fileEncoding = 4; lastKnownFileType = sourcecode.c.objc; path = "NSObject+SBJson.m"; sourceTree = "<group>"; };
		D11F1DEB1B699437008D3833 /* SBJson.h */ = {isa = PBXFileReference; fileEncoding = 4; lastKnownFileType = sourcecode.c.h; path = SBJson.h; sourceTree = "<group>"; };
		D11F1DEC1B699437008D3833 /* SBJsonParser.h */ = {isa = PBXFileReference; fileEncoding = 4; lastKnownFileType = sourcecode.c.h; path = SBJsonParser.h; sourceTree = "<group>"; };
		D11F1DED1B699437008D3833 /* SBJsonParser.m */ = {isa = PBXFileReference; fileEncoding = 4; lastKnownFileType = sourcecode.c.objc; path = SBJsonParser.m; sourceTree = "<group>"; };
		D11F1DEE1B699437008D3833 /* SBJsonStreamParser.h */ = {isa = PBXFileReference; fileEncoding = 4; lastKnownFileType = sourcecode.c.h; path = SBJsonStreamParser.h; sourceTree = "<group>"; };
		D11F1DEF1B699437008D3833 /* SBJsonStreamParser.m */ = {isa = PBXFileReference; fileEncoding = 4; lastKnownFileType = sourcecode.c.objc; path = SBJsonStreamParser.m; sourceTree = "<group>"; };
		D11F1DF01B699437008D3833 /* SBJsonStreamParserAccumulator.h */ = {isa = PBXFileReference; fileEncoding = 4; lastKnownFileType = sourcecode.c.h; path = SBJsonStreamParserAccumulator.h; sourceTree = "<group>"; };
		D11F1DF11B699437008D3833 /* SBJsonStreamParserAccumulator.m */ = {isa = PBXFileReference; fileEncoding = 4; lastKnownFileType = sourcecode.c.objc; path = SBJsonStreamParserAccumulator.m; sourceTree = "<group>"; };
		D11F1DF21B699437008D3833 /* SBJsonStreamParserAdapter.h */ = {isa = PBXFileReference; fileEncoding = 4; lastKnownFileType = sourcecode.c.h; path = SBJsonStreamParserAdapter.h; sourceTree = "<group>"; };
		D11F1DF31B699437008D3833 /* SBJsonStreamParserAdapter.m */ = {isa = PBXFileReference; fileEncoding = 4; lastKnownFileType = sourcecode.c.objc; path = SBJsonStreamParserAdapter.m; sourceTree = "<group>"; };
		D11F1DF41B699437008D3833 /* SBJsonStreamParserState.h */ = {isa = PBXFileReference; fileEncoding = 4; lastKnownFileType = sourcecode.c.h; path = SBJsonStreamParserState.h; sourceTree = "<group>"; };
		D11F1DF51B699437008D3833 /* SBJsonStreamParserState.m */ = {isa = PBXFileReference; fileEncoding = 4; lastKnownFileType = sourcecode.c.objc; path = SBJsonStreamParserState.m; sourceTree = "<group>"; };
		D11F1DF61B699437008D3833 /* SBJsonStreamWriter.h */ = {isa = PBXFileReference; fileEncoding = 4; lastKnownFileType = sourcecode.c.h; path = SBJsonStreamWriter.h; sourceTree = "<group>"; };
		D11F1DF71B699437008D3833 /* SBJsonStreamWriter.m */ = {isa = PBXFileReference; fileEncoding = 4; lastKnownFileType = sourcecode.c.objc; path = SBJsonStreamWriter.m; sourceTree = "<group>"; };
		D11F1DF81B699437008D3833 /* SBJsonStreamWriterAccumulator.h */ = {isa = PBXFileReference; fileEncoding = 4; lastKnownFileType = sourcecode.c.h; path = SBJsonStreamWriterAccumulator.h; sourceTree = "<group>"; };
		D11F1DF91B699437008D3833 /* SBJsonStreamWriterAccumulator.m */ = {isa = PBXFileReference; fileEncoding = 4; lastKnownFileType = sourcecode.c.objc; path = SBJsonStreamWriterAccumulator.m; sourceTree = "<group>"; };
		D11F1DFA1B699437008D3833 /* SBJsonStreamWriterState.h */ = {isa = PBXFileReference; fileEncoding = 4; lastKnownFileType = sourcecode.c.h; path = SBJsonStreamWriterState.h; sourceTree = "<group>"; };
		D11F1DFB1B699437008D3833 /* SBJsonStreamWriterState.m */ = {isa = PBXFileReference; fileEncoding = 4; lastKnownFileType = sourcecode.c.objc; path = SBJsonStreamWriterState.m; sourceTree = "<group>"; };
		D11F1DFC1B699437008D3833 /* SBJsonTokeniser.h */ = {isa = PBXFileReference; fileEncoding = 4; lastKnownFileType = sourcecode.c.h; path = SBJsonTokeniser.h; sourceTree = "<group>"; };
		D11F1DFD1B699437008D3833 /* SBJsonTokeniser.m */ = {isa = PBXFileReference; fileEncoding = 4; lastKnownFileType = sourcecode.c.objc; path = SBJsonTokeniser.m; sourceTree = "<group>"; };
		D11F1DFE1B699437008D3833 /* SBJsonUTF8Stream.h */ = {isa = PBXFileReference; fileEncoding = 4; lastKnownFileType = sourcecode.c.h; path = SBJsonUTF8Stream.h; sourceTree = "<group>"; };
		D11F1DFF1B699437008D3833 /* SBJsonUTF8Stream.m */ = {isa = PBXFileReference; fileEncoding = 4; lastKnownFileType = sourcecode.c.objc; path = SBJsonUTF8Stream.m; sourceTree = "<group>"; };
		D11F1E001B699437008D3833 /* SBJsonWriter.h */ = {isa = PBXFileReference; fileEncoding = 4; lastKnownFileType = sourcecode.c.h; path = SBJsonWriter.h; sourceTree = "<group>"; };
		D11F1E011B699437008D3833 /* SBJsonWriter.m */ = {isa = PBXFileReference; fileEncoding = 4; lastKnownFileType = sourcecode.c.objc; path = SBJsonWriter.m; sourceTree = "<group>"; };
		D1D324B51B6A908F004E026D /* Simulation.h */ = {isa = PBXFileReference; fileEncoding = 4; lastKnownFileType = sourcecode.c.h; path = Simulation.h; sourceTree = "<group>"; };
		D1D324B61B6A908F004E026D /* Simulation.m */ = {isa = PBXFileReference; fileEncoding = 4; lastKnownFileType = sourcecode.c.objc; path = Simulation.m; sourceTree = "<group>"; };
		D1D8530D1B6924D700BFA824 /* Auxilio.app */ = {isa = PBXFileReference; explicitFileType = wrapper.application; includeInIndex = 0; path = Auxilio.app; sourceTree = BUILT_PRODUCTS_DIR; };
		D1D853111B6924D700BFA824 /* Info.plist */ = {isa = PBXFileReference; lastKnownFileType = text.plist.xml; path = Info.plist; sourceTree = "<group>"; };
		D1D853121B6924D700BFA824 /* main.m */ = {isa = PBXFileReference; lastKnownFileType = sourcecode.c.objc; path = main.m; sourceTree = "<group>"; };
		D1D853141B6924D700BFA824 /* AppDelegate.h */ = {isa = PBXFileReference; lastKnownFileType = sourcecode.c.h; path = AppDelegate.h; sourceTree = "<group>"; };
		D1D853151B6924D700BFA824 /* AppDelegate.m */ = {isa = PBXFileReference; lastKnownFileType = sourcecode.c.objc; path = AppDelegate.m; sourceTree = "<group>"; };
		D1D853181B6924D700BFA824 /* Auxilio.xcdatamodel */ = {isa = PBXFileReference; lastKnownFileType = wrapper.xcdatamodel; path = Auxilio.xcdatamodel; sourceTree = "<group>"; };
		D1D8531A1B6924D700BFA824 /* Start.h */ = {isa = PBXFileReference; lastKnownFileType = sourcecode.c.h; path = Start.h; sourceTree = "<group>"; };
		D1D8531B1B6924D700BFA824 /* Start.m */ = {isa = PBXFileReference; lastKnownFileType = sourcecode.c.objc; path = Start.m; sourceTree = "<group>"; };
		D1D8531E1B6924D700BFA824 /* Base */ = {isa = PBXFileReference; lastKnownFileType = file.storyboard; name = Base; path = Base.lproj/Main.storyboard; sourceTree = "<group>"; };
		D1D853201B6924D700BFA824 /* Images.xcassets */ = {isa = PBXFileReference; lastKnownFileType = folder.assetcatalog; path = Images.xcassets; sourceTree = "<group>"; };
		D1D853231B6924D700BFA824 /* Base */ = {isa = PBXFileReference; lastKnownFileType = file.xib; name = Base; path = Base.lproj/LaunchScreen.xib; sourceTree = "<group>"; };
		D1D853291B6924D700BFA824 /* AuxilioTests.xctest */ = {isa = PBXFileReference; explicitFileType = wrapper.cfbundle; includeInIndex = 0; path = AuxilioTests.xctest; sourceTree = BUILT_PRODUCTS_DIR; };
		D1D8532E1B6924D700BFA824 /* Info.plist */ = {isa = PBXFileReference; lastKnownFileType = text.plist.xml; path = Info.plist; sourceTree = "<group>"; };
		D1D8532F1B6924D700BFA824 /* AuxilioTests.m */ = {isa = PBXFileReference; lastKnownFileType = sourcecode.c.objc; path = AuxilioTests.m; sourceTree = "<group>"; };
		D1D8533D1B693EB400BFA824 /* video_children.mp4 */ = {isa = PBXFileReference; lastKnownFileType = file; name = video_children.mp4; path = videos/video_children.mp4; sourceTree = "<group>"; };
		D1D853401B694D8E00BFA824 /* Map.h */ = {isa = PBXFileReference; fileEncoding = 4; lastKnownFileType = sourcecode.c.h; path = Map.h; sourceTree = "<group>"; };
		D1D853411B694D8E00BFA824 /* Map.m */ = {isa = PBXFileReference; fileEncoding = 4; lastKnownFileType = sourcecode.c.objc; path = Map.m; sourceTree = "<group>"; };
		D1D853441B6950EB00BFA824 /* ic_back.png */ = {isa = PBXFileReference; lastKnownFileType = image.png; path = ic_back.png; sourceTree = "<group>"; };
		D1D853461B69540A00BFA824 /* Podfile */ = {isa = PBXFileReference; fileEncoding = 4; lastKnownFileType = text; path = Podfile; sourceTree = "<group>"; };
		EE7F9FE9DE34469BF5363DF1 /* Pods.debug.xcconfig */ = {isa = PBXFileReference; includeInIndex = 1; lastKnownFileType = text.xcconfig; name = Pods.debug.xcconfig; path = "Auxilio/Pods/Target Support Files/Pods/Pods.debug.xcconfig"; sourceTree = "<group>"; };
/* End PBXFileReference section */

/* Begin PBXFrameworksBuildPhase section */
		D1D8530A1B6924D700BFA824 /* Frameworks */ = {
			isa = PBXFrameworksBuildPhase;
			buildActionMask = 2147483647;
			files = (
				2BBC4D060367BBA460FD1B93 /* libPods.a in Frameworks */,
				D11F1DE41B6981E5008D3833 /* Pushwoosh.framework in Frameworks */,
			);
			runOnlyForDeploymentPostprocessing = 0;
		};
		D1D853261B6924D700BFA824 /* Frameworks */ = {
			isa = PBXFrameworksBuildPhase;
			buildActionMask = 2147483647;
			files = (
			);
			runOnlyForDeploymentPostprocessing = 0;
		};
/* End PBXFrameworksBuildPhase section */

/* Begin PBXGroup section */
		4F9394FF9E3291F50507BB93 /* Pods */ = {
			isa = PBXGroup;
			children = (
				EE7F9FE9DE34469BF5363DF1 /* Pods.debug.xcconfig */,
				29093B570FA26113C04D9638 /* Pods.release.xcconfig */,
			);
			name = Pods;
			sourceTree = "<group>";
		};
		D11F1DA91B6981E5008D3833 /* pushwoosh-ios-sdk-master */ = {
			isa = PBXGroup;
			children = (
				D11F1DAA1B6981E5008D3833 /* Documentation */,
				D11F1DC81B6981E5008D3833 /* Framework */,
				D11F1DCA1B6981E5008D3833 /* LICENSE */,
			);
			path = "pushwoosh-ios-sdk-master";
			sourceTree = "<group>";
		};
		D11F1DAA1B6981E5008D3833 /* Documentation */ = {
			isa = PBXGroup;
			children = (
				D11F1DAB1B6981E5008D3833 /* Categories */,
				D11F1DAE1B6981E5008D3833 /* Classes */,
				D11F1DB61B6981E5008D3833 /* Constants */,
				D11F1DBB1B6981E5008D3833 /* css */,
				D11F1DBE1B6981E5008D3833 /* hierarchy.html */,
				D11F1DBF1B6981E5008D3833 /* img */,
				D11F1DC51B6981E5008D3833 /* index.html */,
				D11F1DC61B6981E5008D3833 /* Protocols */,
			);
			path = Documentation;
			sourceTree = "<group>";
		};
		D11F1DAB1B6981E5008D3833 /* Categories */ = {
			isa = PBXGroup;
			children = (
				D11F1DAC1B6981E5008D3833 /* NSDate+RFC1123.html */,
				D11F1DAD1B6981E5008D3833 /* NSString+GTMNSStringHTMLAdditions.html */,
			);
			path = Categories;
			sourceTree = "<group>";
		};
		D11F1DAE1B6981E5008D3833 /* Classes */ = {
			isa = PBXGroup;
			children = (
				D11F1DAF1B6981E5008D3833 /* PushNotificationManager.html */,
				D11F1DB01B6981E5008D3833 /* PWNetworkEngine.html */,
				D11F1DB11B6981E5008D3833 /* PWNetworkOperation.html */,
				D11F1DB21B6981E5008D3833 /* PWNotificationAppSettings.html */,
				D11F1DB31B6981E5008D3833 /* PWNotificationCenter.html */,
				D11F1DB41B6981E5008D3833 /* PWReachability.html */,
				D11F1DB51B6981E5008D3833 /* PWTags.html */,
			);
			path = Classes;
			sourceTree = "<group>";
		};
		D11F1DB61B6981E5008D3833 /* Constants */ = {
			isa = PBXGroup;
			children = (
				D11F1DB71B6981E5008D3833 /* PWBeaconAction.html */,
				D11F1DB81B6981E5008D3833 /* PWNotificationAlertStyle.html */,
				D11F1DB91B6981E5008D3833 /* PWNotificationBannerStyle.html */,
				D11F1DBA1B6981E5008D3833 /* PWSupportedOrientations.html */,
			);
			path = Constants;
			sourceTree = "<group>";
		};
		D11F1DBB1B6981E5008D3833 /* css */ = {
			isa = PBXGroup;
			children = (
				D11F1DBC1B6981E5008D3833 /* styles.css */,
				D11F1DBD1B6981E5008D3833 /* stylesPrint.css */,
			);
			path = css;
			sourceTree = "<group>";
		};
		D11F1DBF1B6981E5008D3833 /* img */ = {
			isa = PBXGroup;
			children = (
				D11F1DC01B6981E5008D3833 /* button_bar_background.png */,
				D11F1DC11B6981E5008D3833 /* disclosure.png */,
				D11F1DC21B6981E5008D3833 /* disclosure_open.png */,
				D11F1DC31B6981E5008D3833 /* library_background.png */,
				D11F1DC41B6981E5008D3833 /* title_background.png */,
			);
			path = img;
			sourceTree = "<group>";
		};
		D11F1DC61B6981E5008D3833 /* Protocols */ = {
			isa = PBXGroup;
			children = (
				D11F1DC71B6981E5008D3833 /* PushNotificationDelegate.html */,
			);
			path = Protocols;
			sourceTree = "<group>";
		};
		D11F1DC81B6981E5008D3833 /* Framework */ = {
			isa = PBXGroup;
			children = (
				D11F1DC91B6981E5008D3833 /* Pushwoosh.framework */,
			);
			path = Framework;
			sourceTree = "<group>";
		};
		D11F1DE81B699437008D3833 /* json */ = {
			isa = PBXGroup;
			children = (
				D11F1DE91B699437008D3833 /* NSObject+SBJson.h */,
				D11F1DEA1B699437008D3833 /* NSObject+SBJson.m */,
				D11F1DEB1B699437008D3833 /* SBJson.h */,
				D11F1DEC1B699437008D3833 /* SBJsonParser.h */,
				D11F1DED1B699437008D3833 /* SBJsonParser.m */,
				D11F1DEE1B699437008D3833 /* SBJsonStreamParser.h */,
				D11F1DEF1B699437008D3833 /* SBJsonStreamParser.m */,
				D11F1DF01B699437008D3833 /* SBJsonStreamParserAccumulator.h */,
				D11F1DF11B699437008D3833 /* SBJsonStreamParserAccumulator.m */,
				D11F1DF21B699437008D3833 /* SBJsonStreamParserAdapter.h */,
				D11F1DF31B699437008D3833 /* SBJsonStreamParserAdapter.m */,
				D11F1DF41B699437008D3833 /* SBJsonStreamParserState.h */,
				D11F1DF51B699437008D3833 /* SBJsonStreamParserState.m */,
				D11F1DF61B699437008D3833 /* SBJsonStreamWriter.h */,
				D11F1DF71B699437008D3833 /* SBJsonStreamWriter.m */,
				D11F1DF81B699437008D3833 /* SBJsonStreamWriterAccumulator.h */,
				D11F1DF91B699437008D3833 /* SBJsonStreamWriterAccumulator.m */,
				D11F1DFA1B699437008D3833 /* SBJsonStreamWriterState.h */,
				D11F1DFB1B699437008D3833 /* SBJsonStreamWriterState.m */,
				D11F1DFC1B699437008D3833 /* SBJsonTokeniser.h */,
				D11F1DFD1B699437008D3833 /* SBJsonTokeniser.m */,
				D11F1DFE1B699437008D3833 /* SBJsonUTF8Stream.h */,
				D11F1DFF1B699437008D3833 /* SBJsonUTF8Stream.m */,
				D11F1E001B699437008D3833 /* SBJsonWriter.h */,
				D11F1E011B699437008D3833 /* SBJsonWriter.m */,
			);
			path = json;
			sourceTree = "<group>";
		};
		D1D853041B6924D700BFA824 = {
			isa = PBXGroup;
			children = (
				D1D8530F1B6924D700BFA824 /* Auxilio */,
				D1D8532C1B6924D700BFA824 /* AuxilioTests */,
				D1D8530E1B6924D700BFA824 /* Products */,
				4F9394FF9E3291F50507BB93 /* Pods */,
				DE8BFC33263DE966BFBDD628 /* Frameworks */,
			);
			sourceTree = "<group>";
		};
		D1D8530E1B6924D700BFA824 /* Products */ = {
			isa = PBXGroup;
			children = (
				D1D8530D1B6924D700BFA824 /* Auxilio.app */,
				D1D853291B6924D700BFA824 /* AuxilioTests.xctest */,
			);
			name = Products;
			sourceTree = "<group>";
		};
		D1D8530F1B6924D700BFA824 /* Auxilio */ = {
			isa = PBXGroup;
			children = (
				D1D8533C1B69393C00BFA824 /* Classes */,
				D1D853391B69390D00BFA824 /* Main */,
				D1D8533A1B69391300BFA824 /* Controllers */,
				D1D8533B1B69391900BFA824 /* Models */,
				D1D8531D1B6924D700BFA824 /* Main.storyboard */,
				D1D853201B6924D700BFA824 /* Images.xcassets */,
				D1D853221B6924D700BFA824 /* LaunchScreen.xib */,
				D1D853171B6924D700BFA824 /* Auxilio.xcdatamodeld */,
				D1D853101B6924D700BFA824 /* Supporting Files */,
			);
			path = Auxilio;
			sourceTree = "<group>";
		};
		D1D853101B6924D700BFA824 /* Supporting Files */ = {
			isa = PBXGroup;
			children = (
				D1D853431B6950EB00BFA824 /* imgs */,
				D1D8533F1B693EC400BFA824 /* videos */,
				D1D853111B6924D700BFA824 /* Info.plist */,
				D1D853121B6924D700BFA824 /* main.m */,
				D1D853461B69540A00BFA824 /* Podfile */,
			);
			name = "Supporting Files";
			sourceTree = "<group>";
		};
		D1D8532C1B6924D700BFA824 /* AuxilioTests */ = {
			isa = PBXGroup;
			children = (
				D1D8532F1B6924D700BFA824 /* AuxilioTests.m */,
				D1D8532D1B6924D700BFA824 /* Supporting Files */,
			);
			path = AuxilioTests;
			sourceTree = "<group>";
		};
		D1D8532D1B6924D700BFA824 /* Supporting Files */ = {
			isa = PBXGroup;
			children = (
				D1D8532E1B6924D700BFA824 /* Info.plist */,
			);
			name = "Supporting Files";
			sourceTree = "<group>";
		};
		D1D853391B69390D00BFA824 /* Main */ = {
			isa = PBXGroup;
			children = (
				D1D853141B6924D700BFA824 /* AppDelegate.h */,
				D1D853151B6924D700BFA824 /* AppDelegate.m */,
				D11F1DA61B697F0E008D3833 /* Declarations.h */,
				D11F1DA71B697F0E008D3833 /* Declarations.m */,
			);
			name = Main;
			sourceTree = "<group>";
		};
		D1D8533A1B69391300BFA824 /* Controllers */ = {
			isa = PBXGroup;
			children = (
				D1D8531A1B6924D700BFA824 /* Start.h */,
				D1D8531B1B6924D700BFA824 /* Start.m */,
				D1D853401B694D8E00BFA824 /* Map.h */,
				D1D853411B694D8E00BFA824 /* Map.m */,
				D1D324B51B6A908F004E026D /* Simulation.h */,
				D1D324B61B6A908F004E026D /* Simulation.m */,
			);
			name = Controllers;
			sourceTree = "<group>";
		};
		D1D8533B1B69391900BFA824 /* Models */ = {
			isa = PBXGroup;
			children = (
			);
			name = Models;
			sourceTree = "<group>";
		};
		D1D8533C1B69393C00BFA824 /* Classes */ = {
			isa = PBXGroup;
			children = (
				D11F1DE81B699437008D3833 /* json */,
				D11F1DA91B6981E5008D3833 /* pushwoosh-ios-sdk-master */,
			);
			name = Classes;
			sourceTree = "<group>";
		};
		D1D8533F1B693EC400BFA824 /* videos */ = {
			isa = PBXGroup;
			children = (
				D1D8533D1B693EB400BFA824 /* video_children.mp4 */,
			);
			name = videos;
			sourceTree = "<group>";
		};
		D1D853431B6950EB00BFA824 /* imgs */ = {
			isa = PBXGroup;
			children = (
				D1D853441B6950EB00BFA824 /* ic_back.png */,
			);
			path = imgs;
			sourceTree = "<group>";
		};
		DE8BFC33263DE966BFBDD628 /* Frameworks */ = {
			isa = PBXGroup;
			children = (
				1F359EB86831146B83657201 /* libPods.a */,
			);
			name = Frameworks;
			sourceTree = "<group>";
		};
/* End PBXGroup section */

/* Begin PBXNativeTarget section */
		D1D8530C1B6924D700BFA824 /* Auxilio */ = {
			isa = PBXNativeTarget;
			buildConfigurationList = D1D853331B6924D700BFA824 /* Build configuration list for PBXNativeTarget "Auxilio" */;
			buildPhases = (
				DC05A9D38A0E7B9E2CB9A3B2 /* Check Pods Manifest.lock */,
				D1D853091B6924D700BFA824 /* Sources */,
				D1D8530A1B6924D700BFA824 /* Frameworks */,
				D1D8530B1B6924D700BFA824 /* Resources */,
				17E253C423CA67DA635B988B /* Copy Pods Resources */,
			);
			buildRules = (
			);
			dependencies = (
			);
			name = Auxilio;
			productName = Auxilio;
			productReference = D1D8530D1B6924D700BFA824 /* Auxilio.app */;
			productType = "com.apple.product-type.application";
		};
		D1D853281B6924D700BFA824 /* AuxilioTests */ = {
			isa = PBXNativeTarget;
			buildConfigurationList = D1D853361B6924D700BFA824 /* Build configuration list for PBXNativeTarget "AuxilioTests" */;
			buildPhases = (
				D1D853251B6924D700BFA824 /* Sources */,
				D1D853261B6924D700BFA824 /* Frameworks */,
				D1D853271B6924D700BFA824 /* Resources */,
			);
			buildRules = (
			);
			dependencies = (
				D1D8532B1B6924D700BFA824 /* PBXTargetDependency */,
			);
			name = AuxilioTests;
			productName = AuxilioTests;
			productReference = D1D853291B6924D700BFA824 /* AuxilioTests.xctest */;
			productType = "com.apple.product-type.bundle.unit-test";
		};
/* End PBXNativeTarget section */

/* Begin PBXProject section */
		D1D853051B6924D700BFA824 /* Project object */ = {
			isa = PBXProject;
			attributes = {
				LastUpgradeCheck = 0640;
				ORGANIZATIONNAME = Smartplace;
				TargetAttributes = {
					D1D8530C1B6924D700BFA824 = {
						CreatedOnToolsVersion = 6.4;
						DevelopmentTeam = 3D6T7V58KY;
					};
					D1D853281B6924D700BFA824 = {
						CreatedOnToolsVersion = 6.4;
						TestTargetID = D1D8530C1B6924D700BFA824;
					};
				};
			};
			buildConfigurationList = D1D853081B6924D700BFA824 /* Build configuration list for PBXProject "Auxilio" */;
			compatibilityVersion = "Xcode 3.2";
			developmentRegion = English;
			hasScannedForEncodings = 0;
			knownRegions = (
				en,
				Base,
			);
			mainGroup = D1D853041B6924D700BFA824;
			productRefGroup = D1D8530E1B6924D700BFA824 /* Products */;
			projectDirPath = "";
			projectRoot = "";
			targets = (
				D1D8530C1B6924D700BFA824 /* Auxilio */,
				D1D853281B6924D700BFA824 /* AuxilioTests */,
			);
		};
/* End PBXProject section */

/* Begin PBXResourcesBuildPhase section */
		D1D8530B1B6924D700BFA824 /* Resources */ = {
			isa = PBXResourcesBuildPhase;
			buildActionMask = 2147483647;
			files = (
				D11F1DCE1B6981E5008D3833 /* NSString+GTMNSStringHTMLAdditions.html in Resources */,
				D11F1DD21B6981E5008D3833 /* PWNotificationAppSettings.html in Resources */,
				D11F1DD91B6981E5008D3833 /* PWSupportedOrientations.html in Resources */,
				D11F1DDD1B6981E5008D3833 /* button_bar_background.png in Resources */,
				D11F1DD51B6981E5008D3833 /* PWTags.html in Resources */,
				D11F1DD71B6981E5008D3833 /* PWNotificationAlertStyle.html in Resources */,
				D11F1DDE1B6981E5008D3833 /* disclosure.png in Resources */,
				D11F1DE01B6981E5008D3833 /* library_background.png in Resources */,
				D11F1DD61B6981E5008D3833 /* PWBeaconAction.html in Resources */,
				D1D853471B69540A00BFA824 /* Podfile in Resources */,
				D1D853451B6950EB00BFA824 /* ic_back.png in Resources */,
				D1D8533E1B693EB400BFA824 /* video_children.mp4 in Resources */,
				D1D8531F1B6924D700BFA824 /* Main.storyboard in Resources */,
				D11F1DCD1B6981E5008D3833 /* NSDate+RFC1123.html in Resources */,
				D11F1DE31B6981E5008D3833 /* PushNotificationDelegate.html in Resources */,
				D1D853241B6924D700BFA824 /* LaunchScreen.xib in Resources */,
				D1D853211B6924D700BFA824 /* Images.xcassets in Resources */,
				D11F1DDA1B6981E5008D3833 /* styles.css in Resources */,
				D11F1DD11B6981E5008D3833 /* PWNetworkOperation.html in Resources */,
				D11F1DD01B6981E5008D3833 /* PWNetworkEngine.html in Resources */,
				D11F1DCF1B6981E5008D3833 /* PushNotificationManager.html in Resources */,
				D11F1DDB1B6981E5008D3833 /* stylesPrint.css in Resources */,
				D11F1DE21B6981E5008D3833 /* index.html in Resources */,
				D11F1DDC1B6981E5008D3833 /* hierarchy.html in Resources */,
				D11F1DE51B6981E5008D3833 /* LICENSE in Resources */,
				D11F1DD41B6981E5008D3833 /* PWReachability.html in Resources */,
				D11F1DE11B6981E5008D3833 /* title_background.png in Resources */,
				D11F1DD81B6981E5008D3833 /* PWNotificationBannerStyle.html in Resources */,
				D11F1DD31B6981E5008D3833 /* PWNotificationCenter.html in Resources */,
				D11F1DDF1B6981E5008D3833 /* disclosure_open.png in Resources */,
			);
			runOnlyForDeploymentPostprocessing = 0;
		};
		D1D853271B6924D700BFA824 /* Resources */ = {
			isa = PBXResourcesBuildPhase;
			buildActionMask = 2147483647;
			files = (
			);
			runOnlyForDeploymentPostprocessing = 0;
		};
/* End PBXResourcesBuildPhase section */

/* Begin PBXShellScriptBuildPhase section */
		17E253C423CA67DA635B988B /* Copy Pods Resources */ = {
			isa = PBXShellScriptBuildPhase;
			buildActionMask = 2147483647;
			files = (
			);
			inputPaths = (
			);
			name = "Copy Pods Resources";
			outputPaths = (
			);
			runOnlyForDeploymentPostprocessing = 0;
			shellPath = /bin/sh;
			shellScript = "\"${SRCROOT}/Auxilio/Pods/Target Support Files/Pods/Pods-resources.sh\"\n";
			showEnvVarsInLog = 0;
		};
		DC05A9D38A0E7B9E2CB9A3B2 /* Check Pods Manifest.lock */ = {
			isa = PBXShellScriptBuildPhase;
			buildActionMask = 2147483647;
			files = (
			);
			inputPaths = (
			);
			name = "Check Pods Manifest.lock";
			outputPaths = (
			);
			runOnlyForDeploymentPostprocessing = 0;
			shellPath = /bin/sh;
			shellScript = "diff \"${PODS_ROOT}/../Podfile.lock\" \"${PODS_ROOT}/Manifest.lock\" > /dev/null\nif [[ $? != 0 ]] ; then\n    cat << EOM\nerror: The sandbox is not in sync with the Podfile.lock. Run 'pod install' or update your CocoaPods installation.\nEOM\n    exit 1\nfi\n";
			showEnvVarsInLog = 0;
		};
/* End PBXShellScriptBuildPhase section */

/* Begin PBXSourcesBuildPhase section */
		D1D853091B6924D700BFA824 /* Sources */ = {
			isa = PBXSourcesBuildPhase;
			buildActionMask = 2147483647;
			files = (
				D11F1E051B699437008D3833 /* SBJsonStreamParserAccumulator.m in Sources */,
				D1D853191B6924D700BFA824 /* Auxilio.xcdatamodeld in Sources */,
				D11F1E0C1B699437008D3833 /* SBJsonUTF8Stream.m in Sources */,
				D1D853421B694D8E00BFA824 /* Map.m in Sources */,
				D11F1DA81B697F0E008D3833 /* Declarations.m in Sources */,
				D1D853161B6924D700BFA824 /* AppDelegate.m in Sources */,
				D1D8531C1B6924D700BFA824 /* Start.m in Sources */,
				D11F1E031B699437008D3833 /* SBJsonParser.m in Sources */,
				D11F1E081B699437008D3833 /* SBJsonStreamWriter.m in Sources */,
				D1D324B71B6A908F004E026D /* Simulation.m in Sources */,
				D11F1E041B699437008D3833 /* SBJsonStreamParser.m in Sources */,
				D11F1E0A1B699437008D3833 /* SBJsonStreamWriterState.m in Sources */,
				D11F1E061B699437008D3833 /* SBJsonStreamParserAdapter.m in Sources */,
				D11F1E091B699437008D3833 /* SBJsonStreamWriterAccumulator.m in Sources */,
				D11F1E0D1B699437008D3833 /* SBJsonWriter.m in Sources */,
				D11F1E071B699437008D3833 /* SBJsonStreamParserState.m in Sources */,
				D1D853131B6924D700BFA824 /* main.m in Sources */,
				D11F1E021B699437008D3833 /* NSObject+SBJson.m in Sources */,
				D11F1E0B1B699437008D3833 /* SBJsonTokeniser.m in Sources */,
			);
			runOnlyForDeploymentPostprocessing = 0;
		};
		D1D853251B6924D700BFA824 /* Sources */ = {
			isa = PBXSourcesBuildPhase;
			buildActionMask = 2147483647;
			files = (
				D1D853301B6924D700BFA824 /* AuxilioTests.m in Sources */,
			);
			runOnlyForDeploymentPostprocessing = 0;
		};
/* End PBXSourcesBuildPhase section */

/* Begin PBXTargetDependency section */
		D1D8532B1B6924D700BFA824 /* PBXTargetDependency */ = {
			isa = PBXTargetDependency;
			target = D1D8530C1B6924D700BFA824 /* Auxilio */;
			targetProxy = D1D8532A1B6924D700BFA824 /* PBXContainerItemProxy */;
		};
/* End PBXTargetDependency section */

/* Begin PBXVariantGroup section */
		D1D8531D1B6924D700BFA824 /* Main.storyboard */ = {
			isa = PBXVariantGroup;
			children = (
				D1D8531E1B6924D700BFA824 /* Base */,
			);
			name = Main.storyboard;
			sourceTree = "<group>";
		};
		D1D853221B6924D700BFA824 /* LaunchScreen.xib */ = {
			isa = PBXVariantGroup;
			children = (
				D1D853231B6924D700BFA824 /* Base */,
			);
			name = LaunchScreen.xib;
			sourceTree = "<group>";
		};
/* End PBXVariantGroup section */

/* Begin XCBuildConfiguration section */
		D1D853311B6924D700BFA824 /* Debug */ = {
			isa = XCBuildConfiguration;
			buildSettings = {
				ALWAYS_SEARCH_USER_PATHS = NO;
				CLANG_CXX_LANGUAGE_STANDARD = "gnu++0x";
				CLANG_CXX_LIBRARY = "libc++";
				CLANG_ENABLE_MODULES = YES;
				CLANG_ENABLE_OBJC_ARC = YES;
				CLANG_WARN_BOOL_CONVERSION = YES;
				CLANG_WARN_CONSTANT_CONVERSION = YES;
				CLANG_WARN_DIRECT_OBJC_ISA_USAGE = YES_ERROR;
				CLANG_WARN_EMPTY_BODY = YES;
				CLANG_WARN_ENUM_CONVERSION = YES;
				CLANG_WARN_INT_CONVERSION = YES;
				CLANG_WARN_OBJC_ROOT_CLASS = YES_ERROR;
				CLANG_WARN_UNREACHABLE_CODE = YES;
				CLANG_WARN__DUPLICATE_METHOD_MATCH = YES;
				"CODE_SIGN_IDENTITY[sdk=iphoneos*]" = "iPhone Developer";
				COPY_PHASE_STRIP = NO;
				DEBUG_INFORMATION_FORMAT = "dwarf-with-dsym";
				ENABLE_STRICT_OBJC_MSGSEND = YES;
				GCC_C_LANGUAGE_STANDARD = gnu99;
				GCC_DYNAMIC_NO_PIC = NO;
				GCC_NO_COMMON_BLOCKS = YES;
				GCC_OPTIMIZATION_LEVEL = 0;
				GCC_PREPROCESSOR_DEFINITIONS = (
					"DEBUG=1",
					"$(inherited)",
				);
				GCC_SYMBOLS_PRIVATE_EXTERN = NO;
				GCC_WARN_64_TO_32_BIT_CONVERSION = YES;
				GCC_WARN_ABOUT_RETURN_TYPE = YES_ERROR;
				GCC_WARN_UNDECLARED_SELECTOR = YES;
				GCC_WARN_UNINITIALIZED_AUTOS = YES_AGGRESSIVE;
				GCC_WARN_UNUSED_FUNCTION = YES;
				GCC_WARN_UNUSED_VARIABLE = YES;
				IPHONEOS_DEPLOYMENT_TARGET = 8.4;
				MTL_ENABLE_DEBUG_INFO = YES;
				ONLY_ACTIVE_ARCH = YES;
				SDKROOT = iphoneos;
			};
			name = Debug;
		};
		D1D853321B6924D700BFA824 /* Release */ = {
			isa = XCBuildConfiguration;
			buildSettings = {
				ALWAYS_SEARCH_USER_PATHS = NO;
				CLANG_CXX_LANGUAGE_STANDARD = "gnu++0x";
				CLANG_CXX_LIBRARY = "libc++";
				CLANG_ENABLE_MODULES = YES;
				CLANG_ENABLE_OBJC_ARC = YES;
				CLANG_WARN_BOOL_CONVERSION = YES;
				CLANG_WARN_CONSTANT_CONVERSION = YES;
				CLANG_WARN_DIRECT_OBJC_ISA_USAGE = YES_ERROR;
				CLANG_WARN_EMPTY_BODY = YES;
				CLANG_WARN_ENUM_CONVERSION = YES;
				CLANG_WARN_INT_CONVERSION = YES;
				CLANG_WARN_OBJC_ROOT_CLASS = YES_ERROR;
				CLANG_WARN_UNREACHABLE_CODE = YES;
				CLANG_WARN__DUPLICATE_METHOD_MATCH = YES;
				"CODE_SIGN_IDENTITY[sdk=iphoneos*]" = "iPhone Developer";
				COPY_PHASE_STRIP = NO;
				DEBUG_INFORMATION_FORMAT = "dwarf-with-dsym";
				ENABLE_NS_ASSERTIONS = NO;
				ENABLE_STRICT_OBJC_MSGSEND = YES;
				GCC_C_LANGUAGE_STANDARD = gnu99;
				GCC_NO_COMMON_BLOCKS = YES;
				GCC_WARN_64_TO_32_BIT_CONVERSION = YES;
				GCC_WARN_ABOUT_RETURN_TYPE = YES_ERROR;
				GCC_WARN_UNDECLARED_SELECTOR = YES;
				GCC_WARN_UNINITIALIZED_AUTOS = YES_AGGRESSIVE;
				GCC_WARN_UNUSED_FUNCTION = YES;
				GCC_WARN_UNUSED_VARIABLE = YES;
				IPHONEOS_DEPLOYMENT_TARGET = 8.4;
				MTL_ENABLE_DEBUG_INFO = NO;
				SDKROOT = iphoneos;
				VALIDATE_PRODUCT = YES;
			};
			name = Release;
		};
		D1D853341B6924D700BFA824 /* Debug */ = {
			isa = XCBuildConfiguration;
			baseConfigurationReference = EE7F9FE9DE34469BF5363DF1 /* Pods.debug.xcconfig */;
			buildSettings = {
				ASSETCATALOG_COMPILER_APPICON_NAME = AppIcon;
				CODE_SIGN_IDENTITY = "iPhone Developer";
				"CODE_SIGN_IDENTITY[sdk=iphoneos*]" = "iPhone Developer";
				FRAMEWORK_SEARCH_PATHS = (
					"$(inherited)",
					"$(PROJECT_DIR)/Auxilio/pushwoosh-ios-sdk-master/Framework",
				);
				INFOPLIST_FILE = Auxilio/Info.plist;
				IPHONEOS_DEPLOYMENT_TARGET = 8.0;
				LD_RUNPATH_SEARCH_PATHS = "$(inherited) @executable_path/Frameworks";
				PRODUCT_NAME = "$(TARGET_NAME)";
				PROVISIONING_PROFILE = "34abcdf3-7da7-4b5b-81f6-d086b060174c";
			};
			name = Debug;
		};
		D1D853351B6924D700BFA824 /* Release */ = {
			isa = XCBuildConfiguration;
			baseConfigurationReference = 29093B570FA26113C04D9638 /* Pods.release.xcconfig */;
			buildSettings = {
				ASSETCATALOG_COMPILER_APPICON_NAME = AppIcon;
				CODE_SIGN_IDENTITY = "iPhone Developer";
				"CODE_SIGN_IDENTITY[sdk=iphoneos*]" = "iPhone Developer";
				FRAMEWORK_SEARCH_PATHS = (
					"$(inherited)",
					"$(PROJECT_DIR)/Auxilio/pushwoosh-ios-sdk-master/Framework",
				);
				INFOPLIST_FILE = Auxilio/Info.plist;
				IPHONEOS_DEPLOYMENT_TARGET = 8.0;
				LD_RUNPATH_SEARCH_PATHS = "$(inherited) @executable_path/Frameworks";
				PRODUCT_NAME = "$(TARGET_NAME)";
				PROVISIONING_PROFILE = "34abcdf3-7da7-4b5b-81f6-d086b060174c";
			};
			name = Release;
		};
		D1D853371B6924D700BFA824 /* Debug */ = {
			isa = XCBuildConfiguration;
			buildSettings = {
				BUNDLE_LOADER = "$(TEST_HOST)";
				FRAMEWORK_SEARCH_PATHS = (
					"$(SDKROOT)/Developer/Library/Frameworks",
					"$(inherited)",
				);
				GCC_PREPROCESSOR_DEFINITIONS = (
					"DEBUG=1",
					"$(inherited)",
				);
				INFOPLIST_FILE = AuxilioTests/Info.plist;
				LD_RUNPATH_SEARCH_PATHS = "$(inherited) @executable_path/Frameworks @loader_path/Frameworks";
				PRODUCT_NAME = "$(TARGET_NAME)";
				TEST_HOST = "$(BUILT_PRODUCTS_DIR)/Auxilio.app/Auxilio";
			};
			name = Debug;
		};
		D1D853381B6924D700BFA824 /* Release */ = {
			isa = XCBuildConfiguration;
			buildSettings = {
				BUNDLE_LOADER = "$(TEST_HOST)";
				FRAMEWORK_SEARCH_PATHS = (
					"$(SDKROOT)/Developer/Library/Frameworks",
					"$(inherited)",
				);
				INFOPLIST_FILE = AuxilioTests/Info.plist;
				LD_RUNPATH_SEARCH_PATHS = "$(inherited) @executable_path/Frameworks @loader_path/Frameworks";
				PRODUCT_NAME = "$(TARGET_NAME)";
				TEST_HOST = "$(BUILT_PRODUCTS_DIR)/Auxilio.app/Auxilio";
			};
			name = Release;
		};
/* End XCBuildConfiguration section */

/* Begin XCConfigurationList section */
		D1D853081B6924D700BFA824 /* Build configuration list for PBXProject "Auxilio" */ = {
			isa = XCConfigurationList;
			buildConfigurations = (
				D1D853311B6924D700BFA824 /* Debug */,
				D1D853321B6924D700BFA824 /* Release */,
			);
			defaultConfigurationIsVisible = 0;
			defaultConfigurationName = Release;
		};
		D1D853331B6924D700BFA824 /* Build configuration list for PBXNativeTarget "Auxilio" */ = {
			isa = XCConfigurationList;
			buildConfigurations = (
				D1D853341B6924D700BFA824 /* Debug */,
				D1D853351B6924D700BFA824 /* Release */,
			);
			defaultConfigurationIsVisible = 0;
			defaultConfigurationName = Release;
		};
		D1D853361B6924D700BFA824 /* Build configuration list for PBXNativeTarget "AuxilioTests" */ = {
			isa = XCConfigurationList;
			buildConfigurations = (
				D1D853371B6924D700BFA824 /* Debug */,
				D1D853381B6924D700BFA824 /* Release */,
			);
			defaultConfigurationIsVisible = 0;
			defaultConfigurationName = Release;
		};
/* End XCConfigurationList section */

/* Begin XCVersionGroup section */
		D1D853171B6924D700BFA824 /* Auxilio.xcdatamodeld */ = {
			isa = XCVersionGroup;
			children = (
				D1D853181B6924D700BFA824 /* Auxilio.xcdatamodel */,
			);
			currentVersion = D1D853181B6924D700BFA824 /* Auxilio.xcdatamodel */;
			path = Auxilio.xcdatamodeld;
			sourceTree = "<group>";
			versionGroupType = wrapper.xcdatamodel;
		};
/* End XCVersionGroup section */
	};
	rootObject = D1D853051B6924D700BFA824 /* Project object */;
}
